// !$*UTF8*$!
{
	archiveVersion = 1;
	classes = {
	};
	objectVersion = 46;
	objects = {

/* Begin PBXBuildFile section */
		0B4EAC491E557AE700DD059D /* main.m in Sources */ = {isa = PBXBuildFile; fileRef = 0B4EAC481E557AE700DD059D /* main.m */; };
		0B4EAC4C1E557AE700DD059D /* AppDelegate.m in Sources */ = {isa = PBXBuildFile; fileRef = 0B4EAC4B1E557AE700DD059D /* AppDelegate.m */; };
		0B4EAC4F1E557AE700DD059D /* ViewController.m in Sources */ = {isa = PBXBuildFile; fileRef = 0B4EAC4E1E557AE700DD059D /* ViewController.m */; };
		0B4EAC521E557AE700DD059D /* Main.storyboard in Resources */ = {isa = PBXBuildFile; fileRef = 0B4EAC501E557AE700DD059D /* Main.storyboard */; };
		0B4EAC541E557AE700DD059D /* Assets.xcassets in Resources */ = {isa = PBXBuildFile; fileRef = 0B4EAC531E557AE700DD059D /* Assets.xcassets */; };
		0B4EAC571E557AE700DD059D /* LaunchScreen.storyboard in Resources */ = {isa = PBXBuildFile; fileRef = 0B4EAC551E557AE700DD059D /* LaunchScreen.storyboard */; };
		0B4EAC621E557AE700DD059D /* TestNameSortAndSplitTests.m in Sources */ = {isa = PBXBuildFile; fileRef = 0B4EAC611E557AE700DD059D /* TestNameSortAndSplitTests.m */; };
		0B4EAC6D1E557AE700DD059D /* TestNameSortAndSplitUITests.m in Sources */ = {isa = PBXBuildFile; fileRef = 0B4EAC6C1E557AE700DD059D /* TestNameSortAndSplitUITests.m */; };
		0B4EAC7C1E557B2900DD059D /* ChineseString.m in Sources */ = {isa = PBXBuildFile; fileRef = 0B4EAC7B1E557B2900DD059D /* ChineseString.m */; };
		0B4EAC7F1E557B3200DD059D /* pinyin.c in Sources */ = {isa = PBXBuildFile; fileRef = 0B4EAC7D1E557B3200DD059D /* pinyin.c */; };
/* End PBXBuildFile section */

/* Begin PBXContainerItemProxy section */
		0B4EAC5E1E557AE700DD059D /* PBXContainerItemProxy */ = {
			isa = PBXContainerItemProxy;
			containerPortal = 0B4EAC3C1E557AE700DD059D /* Project object */;
			proxyType = 1;
			remoteGlobalIDString = 0B4EAC431E557AE700DD059D;
			remoteInfo = TestNameSortAndSplit;
		};
		0B4EAC691E557AE700DD059D /* PBXContainerItemProxy */ = {
			isa = PBXContainerItemProxy;
			containerPortal = 0B4EAC3C1E557AE700DD059D /* Project object */;
			proxyType = 1;
			remoteGlobalIDString = 0B4EAC431E557AE700DD059D;
			remoteInfo = TestNameSortAndSplit;
		};
/* End PBXContainerItemProxy section */

/* Begin PBXFileReference section */
		0B4EAC441E557AE700DD059D /* TestNameSortAndSplit.app */ = {isa = PBXFileReference; explicitFileType = wrapper.application; includeInIndex = 0; path = TestNameSortAndSplit.app; sourceTree = BUILT_PRODUCTS_DIR; };
		0B4EAC481E557AE700DD059D /* main.m */ = {isa = PBXFileReference; lastKnownFileType = sourcecode.c.objc; path = main.m; sourceTree = "<group>"; };
		0B4EAC4A1E557AE700DD059D /* AppDelegate.h */ = {isa = PBXFileReference; lastKnownFileType = sourcecode.c.h; path = AppDelegate.h; sourceTree = "<group>"; };
		0B4EAC4B1E557AE700DD059D /* AppDelegate.m */ = {isa = PBXFileReference; lastKnownFileType = sourcecode.c.objc; path = AppDelegate.m; sourceTree = "<group>"; };
		0B4EAC4D1E557AE700DD059D /* ViewController.h */ = {isa = PBXFileReference; lastKnownFileType = sourcecode.c.h; path = ViewController.h; sourceTree = "<group>"; };
		0B4EAC4E1E557AE700DD059D /* ViewController.m */ = {isa = PBXFileReference; lastKnownFileType = sourcecode.c.objc; path = ViewController.m; sourceTree = "<group>"; };
		0B4EAC511E557AE700DD059D /* Base */ = {isa = PBXFileReference; lastKnownFileType = file.storyboard; name = Base; path = Base.lproj/Main.storyboard; sourceTree = "<group>"; };
		0B4EAC531E557AE700DD059D /* Assets.xcassets */ = {isa = PBXFileReference; lastKnownFileType = folder.assetcatalog; path = Assets.xcassets; sourceTree = "<group>"; };
		0B4EAC561E557AE700DD059D /* Base */ = {isa = PBXFileReference; lastKnownFileType = file.storyboard; name = Base; path = Base.lproj/LaunchScreen.storyboard; sourceTree = "<group>"; };
		0B4EAC581E557AE700DD059D /* Info.plist */ = {isa = PBXFileReference; lastKnownFileType = text.plist.xml; path = Info.plist; sourceTree = "<group>"; };
		0B4EAC5D1E557AE700DD059D /* TestNameSortAndSplitTests.xctest */ = {isa = PBXFileReference; explicitFileType = wrapper.cfbundle; includeInIndex = 0; path = TestNameSortAndSplitTests.xctest; sourceTree = BUILT_PRODUCTS_DIR; };
		0B4EAC611E557AE700DD059D /* TestNameSortAndSplitTests.m */ = {isa = PBXFileReference; lastKnownFileType = sourcecode.c.objc; path = TestNameSortAndSplitTests.m; sourceTree = "<group>"; };
		0B4EAC631E557AE700DD059D /* Info.plist */ = {isa = PBXFileReference; lastKnownFileType = text.plist.xml; path = Info.plist; sourceTree = "<group>"; };
		0B4EAC681E557AE700DD059D /* TestNameSortAndSplitUITests.xctest */ = {isa = PBXFileReference; explicitFileType = wrapper.cfbundle; includeInIndex = 0; path = TestNameSortAndSplitUITests.xctest; sourceTree = BUILT_PRODUCTS_DIR; };
		0B4EAC6C1E557AE700DD059D /* TestNameSortAndSplitUITests.m */ = {isa = PBXFileReference; lastKnownFileType = sourcecode.c.objc; path = TestNameSortAndSplitUITests.m; sourceTree = "<group>"; };
		0B4EAC6E1E557AE700DD059D /* Info.plist */ = {isa = PBXFileReference; lastKnownFileType = text.plist.xml; path = Info.plist; sourceTree = "<group>"; };
		0B4EAC7A1E557B2900DD059D /* ChineseString.h */ = {isa = PBXFileReference; fileEncoding = 4; lastKnownFileType = sourcecode.c.h; path = ChineseString.h; sourceTree = "<group>"; };
		0B4EAC7B1E557B2900DD059D /* ChineseString.m */ = {isa = PBXFileReference; fileEncoding = 4; lastKnownFileType = sourcecode.c.objc; path = ChineseString.m; sourceTree = "<group>"; };
		0B4EAC7D1E557B3200DD059D /* pinyin.c */ = {isa = PBXFileReference; fileEncoding = 4; lastKnownFileType = sourcecode.c.c; path = pinyin.c; sourceTree = "<group>"; };
		0B4EAC7E1E557B3200DD059D /* pinyin.h */ = {isa = PBXFileReference; fileEncoding = 4; lastKnownFileType = sourcecode.c.h; path = pinyin.h; sourceTree = "<group>"; };
/* End PBXFileReference section */

/* Begin PBXFrameworksBuildPhase section */
		0B4EAC411E557AE700DD059D /* Frameworks */ = {
			isa = PBXFrameworksBuildPhase;
			buildActionMask = 2147483647;
			files = (
			);
			runOnlyForDeploymentPostprocessing = 0;
		};
		0B4EAC5A1E557AE700DD059D /* Frameworks */ = {
			isa = PBXFrameworksBuildPhase;
			buildActionMask = 2147483647;
			files = (
			);
			runOnlyForDeploymentPostprocessing = 0;
		};
		0B4EAC651E557AE700DD059D /* Frameworks */ = {
			isa = PBXFrameworksBuildPhase;
			buildActionMask = 2147483647;
			files = (
			);
			runOnlyForDeploymentPostprocessing = 0;
		};
/* End PBXFrameworksBuildPhase section */

/* Begin PBXGroup section */
		0B4EAC3B1E557AE700DD059D = {
			isa = PBXGroup;
			children = (
				0B4EAC461E557AE700DD059D /* TestNameSortAndSplit */,
				0B4EAC601E557AE700DD059D /* TestNameSortAndSplitTests */,
				0B4EAC6B1E557AE700DD059D /* TestNameSortAndSplitUITests */,
				0B4EAC451E557AE700DD059D /* Products */,
			);
			sourceTree = "<group>";
		};
		0B4EAC451E557AE700DD059D /* Products */ = {
			isa = PBXGroup;
			children = (
				0B4EAC441E557AE700DD059D /* TestNameSortAndSplit.app */,
				0B4EAC5D1E557AE700DD059D /* TestNameSortAndSplitTests.xctest */,
				0B4EAC681E557AE700DD059D /* TestNameSortAndSplitUITests.xctest */,
			);
			name = Products;
			sourceTree = "<group>";
		};
		0B4EAC461E557AE700DD059D /* TestNameSortAndSplit */ = {
			isa = PBXGroup;
			children = (
				0B4EAC7A1E557B2900DD059D /* ChineseString.h */,
				0B4EAC7B1E557B2900DD059D /* ChineseString.m */,
				0B4EAC7D1E557B3200DD059D /* pinyin.c */,
				0B4EAC7E1E557B3200DD059D /* pinyin.h */,
				0B4EAC4A1E557AE700DD059D /* AppDelegate.h */,
				0B4EAC4B1E557AE700DD059D /* AppDelegate.m */,
				0B4EAC4D1E557AE700DD059D /* ViewController.h */,
				0B4EAC4E1E557AE700DD059D /* ViewController.m */,
				0B4EAC501E557AE700DD059D /* Main.storyboard */,
				0B4EAC531E557AE700DD059D /* Assets.xcassets */,
				0B4EAC551E557AE700DD059D /* LaunchScreen.storyboard */,
				0B4EAC581E557AE700DD059D /* Info.plist */,
				0B4EAC471E557AE700DD059D /* Supporting Files */,
			);
			path = TestNameSortAndSplit;
			sourceTree = "<group>";
		};
		0B4EAC471E557AE700DD059D /* Supporting Files */ = {
			isa = PBXGroup;
			children = (
				0B4EAC481E557AE700DD059D /* main.m */,
			);
			name = "Supporting Files";
			sourceTree = "<group>";
		};
		0B4EAC601E557AE700DD059D /* TestNameSortAndSplitTests */ = {
			isa = PBXGroup;
			children = (
				0B4EAC611E557AE700DD059D /* TestNameSortAndSplitTests.m */,
				0B4EAC631E557AE700DD059D /* Info.plist */,
			);
			path = TestNameSortAndSplitTests;
			sourceTree = "<group>";
		};
		0B4EAC6B1E557AE700DD059D /* TestNameSortAndSplitUITests */ = {
			isa = PBXGroup;
			children = (
				0B4EAC6C1E557AE700DD059D /* TestNameSortAndSplitUITests.m */,
				0B4EAC6E1E557AE700DD059D /* Info.plist */,
			);
			path = TestNameSortAndSplitUITests;
			sourceTree = "<group>";
		};
/* End PBXGroup section */

/* Begin PBXNativeTarget section */
		0B4EAC431E557AE700DD059D /* TestNameSortAndSplit */ = {
			isa = PBXNativeTarget;
			buildConfigurationList = 0B4EAC711E557AE700DD059D /* Build configuration list for PBXNativeTarget "TestNameSortAndSplit" */;
			buildPhases = (
				0B4EAC401E557AE700DD059D /* Sources */,
				0B4EAC411E557AE700DD059D /* Frameworks */,
				0B4EAC421E557AE700DD059D /* Resources */,
			);
			buildRules = (
			);
			dependencies = (
			);
			name = TestNameSortAndSplit;
			productName = TestNameSortAndSplit;
			productReference = 0B4EAC441E557AE700DD059D /* TestNameSortAndSplit.app */;
			productType = "com.apple.product-type.application";
		};
		0B4EAC5C1E557AE700DD059D /* TestNameSortAndSplitTests */ = {
			isa = PBXNativeTarget;
			buildConfigurationList = 0B4EAC741E557AE700DD059D /* Build configuration list for PBXNativeTarget "TestNameSortAndSplitTests" */;
			buildPhases = (
				0B4EAC591E557AE700DD059D /* Sources */,
				0B4EAC5A1E557AE700DD059D /* Frameworks */,
				0B4EAC5B1E557AE700DD059D /* Resources */,
			);
			buildRules = (
			);
			dependencies = (
				0B4EAC5F1E557AE700DD059D /* PBXTargetDependency */,
			);
			name = TestNameSortAndSplitTests;
			productName = TestNameSortAndSplitTests;
			productReference = 0B4EAC5D1E557AE700DD059D /* TestNameSortAndSplitTests.xctest */;
			productType = "com.apple.product-type.bundle.unit-test";
		};
		0B4EAC671E557AE700DD059D /* TestNameSortAndSplitUITests */ = {
			isa = PBXNativeTarget;
			buildConfigurationList = 0B4EAC771E557AE700DD059D /* Build configuration list for PBXNativeTarget "TestNameSortAndSplitUITests" */;
			buildPhases = (
				0B4EAC641E557AE700DD059D /* Sources */,
				0B4EAC651E557AE700DD059D /* Frameworks */,
				0B4EAC661E557AE700DD059D /* Resources */,
			);
			buildRules = (
			);
			dependencies = (
				0B4EAC6A1E557AE700DD059D /* PBXTargetDependency */,
			);
			name = TestNameSortAndSplitUITests;
			productName = TestNameSortAndSplitUITests;
			productReference = 0B4EAC681E557AE700DD059D /* TestNameSortAndSplitUITests.xctest */;
			productType = "com.apple.product-type.bundle.ui-testing";
		};
/* End PBXNativeTarget section */

/* Begin PBXProject section */
		0B4EAC3C1E557AE700DD059D /* Project object */ = {
			isa = PBXProject;
			attributes = {
				LastUpgradeCheck = 0820;
				ORGANIZATIONNAME = qingsong;
				TargetAttributes = {
					0B4EAC431E557AE700DD059D = {
						CreatedOnToolsVersion = 8.2.1;
						DevelopmentTeam = GETPRDRDWL;
						ProvisioningStyle = Automatic;
					};
					0B4EAC5C1E557AE700DD059D = {
						CreatedOnToolsVersion = 8.2.1;
						DevelopmentTeam = GETPRDRDWL;
						ProvisioningStyle = Automatic;
						TestTargetID = 0B4EAC431E557AE700DD059D;
					};
					0B4EAC671E557AE700DD059D = {
						CreatedOnToolsVersion = 8.2.1;
						DevelopmentTeam = GETPRDRDWL;
						ProvisioningStyle = Automatic;
						TestTargetID = 0B4EAC431E557AE700DD059D;
					};
				};
			};
			buildConfigurationList = 0B4EAC3F1E557AE700DD059D /* Build configuration list for PBXProject "TestNameSortAndSplit" */;
			compatibilityVersion = "Xcode 3.2";
			developmentRegion = English;
			hasScannedForEncodings = 0;
			knownRegions = (
				en,
				Base,
			);
			mainGroup = 0B4EAC3B1E557AE700DD059D;
			productRefGroup = 0B4EAC451E557AE700DD059D /* Products */;
			projectDirPath = "";
			projectRoot = "";
			targets = (
				0B4EAC431E557AE700DD059D /* TestNameSortAndSplit */,
				0B4EAC5C1E557AE700DD059D /* TestNameSortAndSplitTests */,
				0B4EAC671E557AE700DD059D /* TestNameSortAndSplitUITests */,
			);
		};
/* End PBXProject section */

/* Begin PBXResourcesBuildPhase section */
		0B4EAC421E557AE700DD059D /* Resources */ = {
			isa = PBXResourcesBuildPhase;
			buildActionMask = 2147483647;
			files = (
				0B4EAC571E557AE700DD059D /* LaunchScreen.storyboard in Resources */,
				0B4EAC541E557AE700DD059D /* Assets.xcassets in Resources */,
				0B4EAC521E557AE700DD059D /* Main.storyboard in Resources */,
			);
			runOnlyForDeploymentPostprocessing = 0;
		};
		0B4EAC5B1E557AE700DD059D /* Resources */ = {
			isa = PBXResourcesBuildPhase;
			buildActionMask = 2147483647;
			files = (
			);
			runOnlyForDeploymentPostprocessing = 0;
		};
		0B4EAC661E557AE700DD059D /* Resources */ = {
			isa = PBXResourcesBuildPhase;
			buildActionMask = 2147483647;
			files = (
			);
			runOnlyForDeploymentPostprocessing = 0;
		};
/* End PBXResourcesBuildPhase section */

/* Begin PBXSourcesBuildPhase section */
		0B4EAC401E557AE700DD059D /* Sources */ = {
			isa = PBXSourcesBuildPhase;
			buildActionMask = 2147483647;
			files = (
				0B4EAC7F1E557B3200DD059D /* pinyin.c in Sources */,
				0B4EAC7C1E557B2900DD059D /* ChineseString.m in Sources */,
				0B4EAC4F1E557AE700DD059D /* ViewController.m in Sources */,
				0B4EAC4C1E557AE700DD059D /* AppDelegate.m in Sources */,
				0B4EAC491E557AE700DD059D /* main.m in Sources */,
			);
			runOnlyForDeploymentPostprocessing = 0;
		};
		0B4EAC591E557AE700DD059D /* Sources */ = {
			isa = PBXSourcesBuildPhase;
			buildActionMask = 2147483647;
			files = (
				0B4EAC621E557AE700DD059D /* TestNameSortAndSplitTests.m in Sources */,
			);
			runOnlyForDeploymentPostprocessing = 0;
		};
		0B4EAC641E557AE700DD059D /* Sources */ = {
			isa = PBXSourcesBuildPhase;
			buildActionMask = 2147483647;
			files = (
				0B4EAC6D1E557AE700DD059D /* TestNameSortAndSplitUITests.m in Sources */,
			);
			runOnlyForDeploymentPostprocessing = 0;
		};
/* End PBXSourcesBuildPhase section */

/* Begin PBXTargetDependency section */
		0B4EAC5F1E557AE700DD059D /* PBXTargetDependency */ = {
			isa = PBXTargetDependency;
			target = 0B4EAC431E557AE700DD059D /* TestNameSortAndSplit */;
			targetProxy = 0B4EAC5E1E557AE700DD059D /* PBXContainerItemProxy */;
		};
		0B4EAC6A1E557AE700DD059D /* PBXTargetDependency */ = {
			isa = PBXTargetDependency;
			target = 0B4EAC431E557AE700DD059D /* TestNameSortAndSplit */;
			targetProxy = 0B4EAC691E557AE700DD059D /* PBXContainerItemProxy */;
		};
/* End PBXTargetDependency section */

/* Begin PBXVariantGroup section */
		0B4EAC501E557AE700DD059D /* Main.storyboard */ = {
			isa = PBXVariantGroup;
			children = (
				0B4EAC511E557AE700DD059D /* Base */,
			);
			name = Main.storyboard;
			sourceTree = "<group>";
		};
		0B4EAC551E557AE700DD059D /* LaunchScreen.storyboard */ = {
			isa = PBXVariantGroup;
			children = (
				0B4EAC561E557AE700DD059D /* Base */,
			);
			name = LaunchScreen.storyboard;
			sourceTree = "<group>";
		};
/* End PBXVariantGroup section */

/* Begin XCBuildConfiguration section */
		0B4EAC6F1E557AE700DD059D /* Debug */ = {
			isa = XCBuildConfiguration;
			buildSettings = {
				ALWAYS_SEARCH_USER_PATHS = NO;
				CLANG_ANALYZER_NONNULL = YES;
				CLANG_CXX_LANGUAGE_STANDARD = "gnu++0x";
				CLANG_CXX_LIBRARY = "libc++";
				CLANG_ENABLE_MODULES = YES;
				CLANG_ENABLE_OBJC_ARC = YES;
				CLANG_WARN_BOOL_CONVERSION = YES;
				CLANG_WARN_CONSTANT_CONVERSION = YES;
				CLANG_WARN_DIRECT_OBJC_ISA_USAGE = YES_ERROR;
				CLANG_WARN_DOCUMENTATION_COMMENTS = YES;
				CLANG_WARN_EMPTY_BODY = YES;
				CLANG_WARN_ENUM_CONVERSION = YES;
				CLANG_WARN_INFINITE_RECURSION = YES;
				CLANG_WARN_INT_CONVERSION = YES;
				CLANG_WARN_OBJC_ROOT_CLASS = YES_ERROR;
				CLANG_WARN_SUSPICIOUS_MOVE = YES;
				CLANG_WARN_UNREACHABLE_CODE = YES;
				CLANG_WARN__DUPLICATE_METHOD_MATCH = YES;
				"CODE_SIGN_IDENTITY[sdk=iphoneos*]" = "iPhone Developer";
				COPY_PHASE_STRIP = NO;
				DEBUG_INFORMATION_FORMAT = dwarf;
				ENABLE_STRICT_OBJC_MSGSEND = YES;
				ENABLE_TESTABILITY = YES;
				GCC_C_LANGUAGE_STANDARD = gnu99;
				GCC_DYNAMIC_NO_PIC = NO;
				GCC_NO_COMMON_BLOCKS = YES;
				GCC_OPTIMIZATION_LEVEL = 0;
				GCC_PREPROCESSOR_DEFINITIONS = (
					"DEBUG=1",
					"$(inherited)",
				);
				GCC_WARN_64_TO_32_BIT_CONVERSION = YES;
				GCC_WARN_ABOUT_RETURN_TYPE = YES_ERROR;
				GCC_WARN_UNDECLARED_SELECTOR = YES;
				GCC_WARN_UNINITIALIZED_AUTOS = YES_AGGRESSIVE;
				GCC_WARN_UNUSED_FUNCTION = YES;
				GCC_WARN_UNUSED_VARIABLE = YES;
				IPHONEOS_DEPLOYMENT_TARGET = 10.2;
				MTL_ENABLE_DEBUG_INFO = YES;
				ONLY_ACTIVE_ARCH = YES;
				SDKROOT = iphoneos;
			};
			name = Debug;
		};
		0B4EAC701E557AE700DD059D /* Release */ = {
			isa = XCBuildConfiguration;
			buildSettings = {
				ALWAYS_SEARCH_USER_PATHS = NO;
				CLANG_ANALYZER_NONNULL = YES;
				CLANG_CXX_LANGUAGE_STANDARD = "gnu++0x";
				CLANG_CXX_LIBRARY = "libc++";
				CLANG_ENABLE_MODULES = YES;
				CLANG_ENABLE_OBJC_ARC = YES;
				CLANG_WARN_BOOL_CONVERSION = YES;
				CLANG_WARN_CONSTANT_CONVERSION = YES;
				CLANG_WARN_DIRECT_OBJC_ISA_USAGE = YES_ERROR;
				CLANG_WARN_DOCUMENTATION_COMMENTS = YES;
				CLANG_WARN_EMPTY_BODY = YES;
				CLANG_WARN_ENUM_CONVERSION = YES;
				CLANG_WARN_INFINITE_RECURSION = YES;
				CLANG_WARN_INT_CONVERSION = YES;
				CLANG_WARN_OBJC_ROOT_CLASS = YES_ERROR;
				CLANG_WARN_SUSPICIOUS_MOVE = YES;
				CLANG_WARN_UNREACHABLE_CODE = YES;
				CLANG_WARN__DUPLICATE_METHOD_MATCH = YES;
				"CODE_SIGN_IDENTITY[sdk=iphoneos*]" = "iPhone Developer";
				COPY_PHASE_STRIP = NO;
				DEBUG_INFORMATION_FORMAT = "dwarf-with-dsym";
				ENABLE_NS_ASSERTIONS = NO;
				ENABLE_STRICT_OBJC_MSGSEND = YES;
				GCC_C_LANGUAGE_STANDARD = gnu99;
				GCC_NO_COMMON_BLOCKS = YES;
				GCC_WARN_64_TO_32_BIT_CONVERSION = YES;
				GCC_WARN_ABOUT_RETURN_TYPE = YES_ERROR;
				GCC_WARN_UNDECLARED_SELECTOR = YES;
				GCC_WARN_UNINITIALIZED_AUTOS = YES_AGGRESSIVE;
				GCC_WARN_UNUSED_FUNCTION = YES;
				GCC_WARN_UNUSED_VARIABLE = YES;
				IPHONEOS_DEPLOYMENT_TARGET = 10.2;
				MTL_ENABLE_DEBUG_INFO = NO;
				SDKROOT = iphoneos;
				VALIDATE_PRODUCT = YES;
			};
			name = Release;
		};
		0B4EAC721E557AE700DD059D /* Debug */ = {
			isa = XCBuildConfiguration;
			buildSettings = {
				ASSETCATALOG_COMPILER_APPICON_NAME = AppIcon;
				DEVELOPMENT_TEAM = GETPRDRDWL;
				INFOPLIST_FILE = TestNameSortAndSplit/Info.plist;
				LD_RUNPATH_SEARCH_PATHS = "$(inherited) @executable_path/Frameworks";
				PRODUCT_BUNDLE_IDENTIFIER = com.taobaichi.TestNameSortAndSplit;
				PRODUCT_NAME = "$(TARGET_NAME)";
			};
			name = Debug;
		};
		0B4EAC731E557AE700DD059D /* Release */ = {
			isa = XCBuildConfiguration;
			buildSettings = {
				ASSETCATALOG_COMPILER_APPICON_NAME = AppIcon;
				DEVELOPMENT_TEAM = GETPRDRDWL;
				INFOPLIST_FILE = TestNameSortAndSplit/Info.plist;
				LD_RUNPATH_SEARCH_PATHS = "$(inherited) @executable_path/Frameworks";
				PRODUCT_BUNDLE_IDENTIFIER = com.taobaichi.TestNameSortAndSplit;
				PRODUCT_NAME = "$(TARGET_NAME)";
			};
			name = Release;
		};
		0B4EAC751E557AE700DD059D /* Debug */ = {
			isa = XCBuildConfiguration;
			buildSettings = {
				BUNDLE_LOADER = "$(TEST_HOST)";
				DEVELOPMENT_TEAM = GETPRDRDWL;
				INFOPLIST_FILE = TestNameSortAndSplitTests/Info.plist;
				LD_RUNPATH_SEARCH_PATHS = "$(inherited) @executable_path/Frameworks @loader_path/Frameworks";
				PRODUCT_BUNDLE_IDENTIFIER = com.taobaichi.TestNameSortAndSplitTests;
				PRODUCT_NAME = "$(TARGET_NAME)";
				TEST_HOST = "$(BUILT_PRODUCTS_DIR)/TestNameSortAndSplit.app/TestNameSortAndSplit";
			};
			name = Debug;
		};
		0B4EAC761E557AE700DD059D /* Release */ = {
			isa = XCBuildConfiguration;
			buildSettings = {
				BUNDLE_LOADER = "$(TEST_HOST)";
				DEVELOPMENT_TEAM = GETPRDRDWL;
				INFOPLIST_FILE = TestNameSortAndSplitTests/Info.plist;
				LD_RUNPATH_SEARCH_PATHS = "$(inherited) @executable_path/Frameworks @loader_path/Frameworks";
				PRODUCT_BUNDLE_IDENTIFIER = com.taobaichi.TestNameSortAndSplitTests;
				PRODUCT_NAME = "$(TARGET_NAME)";
				TEST_HOST = "$(BUILT_PRODUCTS_DIR)/TestNameSortAndSplit.app/TestNameSortAndSplit";
			};
			name = Release;
		};
		0B4EAC781E557AE700DD059D /* Debug */ = {
			isa = XCBuildConfiguration;
			buildSettings = {
				DEVELOPMENT_TEAM = GETPRDRDWL;
				INFOPLIST_FILE = TestNameSortAndSplitUITests/Info.plist;
				LD_RUNPATH_SEARCH_PATHS = "$(inherited) @executable_path/Frameworks @loader_path/Frameworks";
				PRODUCT_BUNDLE_IDENTIFIER = com.taobaichi.TestNameSortAndSplitUITests;
				PRODUCT_NAME = "$(TARGET_NAME)";
				TEST_TARGET_NAME = TestNameSortAndSplit;
			};
			name = Debug;
		};
		0B4EAC791E557AE700DD059D /* Release */ = {
			isa = XCBuildConfiguration;
			buildSettings = {
				DEVELOPMENT_TEAM = GETPRDRDWL;
				INFOPLIST_FILE = TestNameSortAndSplitUITests/Info.plist;
				LD_RUNPATH_SEARCH_PATHS = "$(inherited) @executable_path/Frameworks @loader_path/Frameworks";
				PRODUCT_BUNDLE_IDENTIFIER = com.taobaichi.TestNameSortAndSplitUITests;
				PRODUCT_NAME = "$(TARGET_NAME)";
				TEST_TARGET_NAME = TestNameSortAndSplit;
			};
			name = Release;
		};
/* End XCBuildConfiguration section */

/* Begin XCConfigurationList section */
		0B4EAC3F1E557AE700DD059D /* Build configuration list for PBXProject "TestNameSortAndSplit" */ = {
			isa = XCConfigurationList;
			buildConfigurations = (
				0B4EAC6F1E557AE700DD059D /* Debug */,
				0B4EAC701E557AE700DD059D /* Release */,
			);
			defaultConfigurationIsVisible = 0;
			defaultConfigurationName = Release;
		};
		0B4EAC711E557AE700DD059D /* Build configuration list for PBXNativeTarget "TestNameSortAndSplit" */ = {
			isa = XCConfigurationList;
			buildConfigurations = (
				0B4EAC721E557AE700DD059D /* Debug */,
				0B4EAC731E557AE700DD059D /* Release */,
			);
			defaultConfigurationIsVisible = 0;
		};
		0B4EAC741E557AE700DD059D /* Build configuration list for PBXNativeTarget "TestNameSortAndSplitTests" */ = {
			isa = XCConfigurationList;
			buildConfigurations = (
				0B4EAC751E557AE700DD059D /* Debug */,
				0B4EAC761E557AE700DD059D /* Release */,
			);
			defaultConfigurationIsVisible = 0;
		};
		0B4EAC771E557AE700DD059D /* Build configuration list for PBXNativeTarget "TestNameSortAndSplitUITests" */ = {
			isa = XCConfigurationList;
			buildConfigurations = (
				0B4EAC781E557AE700DD059D /* Debug */,
				0B4EAC791E557AE700DD059D /* Release */,
			);
			defaultConfigurationIsVisible = 0;
		};
/* End XCConfigurationList section */
	};
	rootObject = 0B4EAC3C1E557AE700DD059D /* Project object */;
}
